
Microsoft Visual Studio Solution File, Format Version 12.00
# Visual Studio 15
VisualStudioVersion = 15.0.27703.2026
MinimumVisualStudioVersion = 10.0.40219.1
Project("{888888A0-9F3D-457C-B088-3A5042F75D52}") = "zelda_bot", "zelda_bot\zelda_bot.pyproj", "{211D2E1A-E1DC-4E8F-8B18-91DD36013751}"
EndProject
Global
	GlobalSection(SolutionConfigurationPlatforms) = preSolution
		Debug|Any CPU = Debug|Any CPU
		Release|Any CPU = Release|Any CPU
	EndGlobalSection
	GlobalSection(ProjectConfigurationPlatforms) = postSolution
		{211D2E1A-E1DC-4E8F-8B18-91DD36013751}.Debug|Any CPU.ActiveCfg = Debug|Any CPU
		{211D2E1A-E1DC-4E8F-8B18-91DD36013751}.Release|Any CPU.ActiveCfg = Release|Any CPU
	EndGlobalSection
	GlobalSection(SolutionProperties) = preSolution
		HideSolutionNode = FALSE
	EndGlobalSection
	GlobalSection(ExtensibilityGlobals) = postSolution
		SolutionGuid = {EF1670A4-9DFF-42C2-B484-73DCF483E8F7}
	EndGlobalSection
EndGlobal
